
Microsoft Visual Studio Solution File, Format Version 12.00
Project("{FAE04EC0-301F-11D3-BF4B-00C04F79EFBC}") = "GolayCode.Presentation", "GolayCode.Presentation\GolayCode.Presentation.csproj", "{BD7341FF-92DB-40CB-8036-4480C3EBABD0}"
EndProject
Project("{FAE04EC0-301F-11D3-BF4B-00C04F79EFBC}") = "GolayCode.Core", "GolayCode.Core\GolayCode.Core.csproj", "{9C06BB02-DF1A-42D2-A7EC-29CBCE538BD2}"
EndProject
Global
	GlobalSection(SolutionConfigurationPlatforms) = preSolution
		Debug|Any CPU = Debug|Any CPU
		Release|Any CPU = Release|Any CPU
	EndGlobalSection
	GlobalSection(ProjectConfigurationPlatforms) = postSolution
		{BD7341FF-92DB-40CB-8036-4480C3EBABD0}.Debug|Any CPU.ActiveCfg = Debug|Any CPU
		{BD7341FF-92DB-40CB-8036-4480C3EBABD0}.Debug|Any CPU.Build.0 = Debug|Any CPU
		{BD7341FF-92DB-40CB-8036-4480C3EBABD0}.Release|Any CPU.ActiveCfg = Release|Any CPU
		{BD7341FF-92DB-40CB-8036-4480C3EBABD0}.Release|Any CPU.Build.0 = Release|Any CPU
		{9C06BB02-DF1A-42D2-A7EC-29CBCE538BD2}.Debug|Any CPU.ActiveCfg = Debug|Any CPU
		{9C06BB02-DF1A-42D2-A7EC-29CBCE538BD2}.Debug|Any CPU.Build.0 = Debug|Any CPU
		{9C06BB02-DF1A-42D2-A7EC-29CBCE538BD2}.Release|Any CPU.ActiveCfg = Release|Any CPU
		{9C06BB02-DF1A-42D2-A7EC-29CBCE538BD2}.Release|Any CPU.Build.0 = Release|Any CPU
	EndGlobalSection
EndGlobal
