
Microsoft Visual Studio Solution File, Format Version 12.00
Project("{FAE04EC0-301F-11D3-BF4B-00C04F79EFBC}") = "GolayCode.Presentation", "GolayCode.Presentation\GolayCode.Presentation.csproj", "{BD7341FF-92DB-40CB-8036-4480C3EBABD0}"
EndProject
Project("{FAE04EC0-301F-11D3-BF4B-00C04F79EFBC}") = "GolayCode.Core", "GolayCode.Core\GolayCode.Core.csproj", "{9C06BB02-DF1A-42D2-A7EC-29CBCE538BD2}"
EndProject
Project("{2150E333-8FDC-42A3-9474-1A3956D46DE8}") = "tests", "tests", "{3EA216A7-3B64-4930-99D0-991C8457D5AB}"
EndProject
Project("{2150E333-8FDC-42A3-9474-1A3956D46DE8}") = "src", "src", "{1F9794D5-2C0E-41F8-90FA-F13498122155}"
EndProject
Project("{FAE04EC0-301F-11D3-BF4B-00C04F79EFBC}") = "GolayCode.Core.Tests", "GolayCode.Core.Tests\GolayCode.Core.Tests.csproj", "{10C82A84-D932-4C5B-B29C-3769A0DCF2B8}"
EndProject
Global
	GlobalSection(SolutionConfigurationPlatforms) = preSolution
		Debug|Any CPU = Debug|Any CPU
		Release|Any CPU = Release|Any CPU
	EndGlobalSection
	GlobalSection(ProjectConfigurationPlatforms) = postSolution
		{BD7341FF-92DB-40CB-8036-4480C3EBABD0}.Debug|Any CPU.ActiveCfg = Debug|Any CPU
		{BD7341FF-92DB-40CB-8036-4480C3EBABD0}.Debug|Any CPU.Build.0 = Debug|Any CPU
		{BD7341FF-92DB-40CB-8036-4480C3EBABD0}.Release|Any CPU.ActiveCfg = Release|Any CPU
		{BD7341FF-92DB-40CB-8036-4480C3EBABD0}.Release|Any CPU.Build.0 = Release|Any CPU
		{9C06BB02-DF1A-42D2-A7EC-29CBCE538BD2}.Debug|Any CPU.ActiveCfg = Debug|Any CPU
		{9C06BB02-DF1A-42D2-A7EC-29CBCE538BD2}.Debug|Any CPU.Build.0 = Debug|Any CPU
		{9C06BB02-DF1A-42D2-A7EC-29CBCE538BD2}.Release|Any CPU.ActiveCfg = Release|Any CPU
		{9C06BB02-DF1A-42D2-A7EC-29CBCE538BD2}.Release|Any CPU.Build.0 = Release|Any CPU
		{10C82A84-D932-4C5B-B29C-3769A0DCF2B8}.Debug|Any CPU.ActiveCfg = Debug|Any CPU
		{10C82A84-D932-4C5B-B29C-3769A0DCF2B8}.Debug|Any CPU.Build.0 = Debug|Any CPU
		{10C82A84-D932-4C5B-B29C-3769A0DCF2B8}.Release|Any CPU.ActiveCfg = Release|Any CPU
		{10C82A84-D932-4C5B-B29C-3769A0DCF2B8}.Release|Any CPU.Build.0 = Release|Any CPU
	EndGlobalSection
	GlobalSection(NestedProjects) = preSolution
		{9C06BB02-DF1A-42D2-A7EC-29CBCE538BD2} = {1F9794D5-2C0E-41F8-90FA-F13498122155}
		{10C82A84-D932-4C5B-B29C-3769A0DCF2B8} = {3EA216A7-3B64-4930-99D0-991C8457D5AB}
		{BD7341FF-92DB-40CB-8036-4480C3EBABD0} = {1F9794D5-2C0E-41F8-90FA-F13498122155}
	EndGlobalSection
EndGlobal
